
Microsoft Visual Studio Solution File, Format Version 12.00
# Visual Studio Version 17
VisualStudioVersion = 17.13.35931.197
MinimumVisualStudioVersion = 10.0.40219.1
Project("{FAE04EC0-301F-11D3-BF4B-00C04F79EFBC}") = "Pet1", "Pet1\Pet1.csproj", "{3828CCE4-37DA-4B98-A50D-70E2D64E6DCC}"
EndProject
Project("{FAE04EC0-301F-11D3-BF4B-00C04F79EFBC}") = "Domain", "Domain\Domain.csproj", "{F5AE085F-EC2F-4E38-A817-E63C2C71C046}"
EndProject
Project("{FAE04EC0-301F-11D3-BF4B-00C04F79EFBC}") = "Application", "Application\Application.csproj", "{6381AAB9-2246-48D6-9BC6-8ADD1C1FB6C0}"
EndProject
Project("{FAE04EC0-301F-11D3-BF4B-00C04F79EFBC}") = "Infrastructure", "Infrastructure\Infrastructure.csproj", "{5FE460DB-A64E-4EFA-913B-FC9D5C050A0A}"
EndProject
Global
	GlobalSection(SolutionConfigurationPlatforms) = preSolution
		Debug|Any CPU = Debug|Any CPU
		Release|Any CPU = Release|Any CPU
	EndGlobalSection
	GlobalSection(ProjectConfigurationPlatforms) = postSolution
		{3828CCE4-37DA-4B98-A50D-70E2D64E6DCC}.Debug|Any CPU.ActiveCfg = Debug|Any CPU
		{3828CCE4-37DA-4B98-A50D-70E2D64E6DCC}.Debug|Any CPU.Build.0 = Debug|Any CPU
		{3828CCE4-37DA-4B98-A50D-70E2D64E6DCC}.Release|Any CPU.ActiveCfg = Release|Any CPU
		{3828CCE4-37DA-4B98-A50D-70E2D64E6DCC}.Release|Any CPU.Build.0 = Release|Any CPU
		{F5AE085F-EC2F-4E38-A817-E63C2C71C046}.Debug|Any CPU.ActiveCfg = Debug|Any CPU
		{F5AE085F-EC2F-4E38-A817-E63C2C71C046}.Debug|Any CPU.Build.0 = Debug|Any CPU
		{F5AE085F-EC2F-4E38-A817-E63C2C71C046}.Release|Any CPU.ActiveCfg = Release|Any CPU
		{F5AE085F-EC2F-4E38-A817-E63C2C71C046}.Release|Any CPU.Build.0 = Release|Any CPU
		{6381AAB9-2246-48D6-9BC6-8ADD1C1FB6C0}.Debug|Any CPU.ActiveCfg = Debug|Any CPU
		{6381AAB9-2246-48D6-9BC6-8ADD1C1FB6C0}.Debug|Any CPU.Build.0 = Debug|Any CPU
		{6381AAB9-2246-48D6-9BC6-8ADD1C1FB6C0}.Release|Any CPU.ActiveCfg = Release|Any CPU
		{6381AAB9-2246-48D6-9BC6-8ADD1C1FB6C0}.Release|Any CPU.Build.0 = Release|Any CPU
		{5FE460DB-A64E-4EFA-913B-FC9D5C050A0A}.Debug|Any CPU.ActiveCfg = Debug|Any CPU
		{5FE460DB-A64E-4EFA-913B-FC9D5C050A0A}.Debug|Any CPU.Build.0 = Debug|Any CPU
		{5FE460DB-A64E-4EFA-913B-FC9D5C050A0A}.Release|Any CPU.ActiveCfg = Release|Any CPU
		{5FE460DB-A64E-4EFA-913B-FC9D5C050A0A}.Release|Any CPU.Build.0 = Release|Any CPU
	EndGlobalSection
	GlobalSection(SolutionProperties) = preSolution
		HideSolutionNode = FALSE
	EndGlobalSection
	GlobalSection(ExtensibilityGlobals) = postSolution
		SolutionGuid = {0E9B1370-D81C-41C0-B4B7-CAF08433E35E}
	EndGlobalSection
EndGlobal
